
Microsoft Visual Studio Solution File, Format Version 12.00
# Visual Studio Version 17
VisualStudioVersion = 17.7.34221.43
MinimumVisualStudioVersion = 10.0.40219.1
Project("{FAE04EC0-301F-11D3-BF4B-00C04F79EFBC}") = "SPA", "SPA\SPA.csproj", "{431E2402-C00E-473A-A7C3-2DD7001DBBE2}"
EndProject
Global
	GlobalSection(SolutionConfigurationPlatforms) = preSolution
		Debug|Any CPU = Debug|Any CPU
		Release|Any CPU = Release|Any CPU
	EndGlobalSection
	GlobalSection(ProjectConfigurationPlatforms) = postSolution
		{431E2402-C00E-473A-A7C3-2DD7001DBBE2}.Debug|Any CPU.ActiveCfg = Debug|Any CPU
		{431E2402-C00E-473A-A7C3-2DD7001DBBE2}.Debug|Any CPU.Build.0 = Debug|Any CPU
		{431E2402-C00E-473A-A7C3-2DD7001DBBE2}.Release|Any CPU.ActiveCfg = Release|Any CPU
		{431E2402-C00E-473A-A7C3-2DD7001DBBE2}.Release|Any CPU.Build.0 = Release|Any CPU
	EndGlobalSection
	GlobalSection(SolutionProperties) = preSolution
		HideSolutionNode = FALSE
	EndGlobalSection
	GlobalSection(ExtensibilityGlobals) = postSolution
		SolutionGuid = {613CBE4E-D8DD-4C9C-A737-C2A66557AE3E}
	EndGlobalSection
EndGlobal
